Microsoft Visual Studio Solution File, Format Version 12.00
# Visual Studio Version 17
VisualStudioVersion = 17.5.2.0
MinimumVisualStudioVersion = 10.0.40219.1
Project("{FAE04EC0-301F-11D3-BF4B-00C04F79EFBC}") = ".", "Debug\..csproj", "{611B4797-9561-04DD-1C4E-8C3C75D3CE5A}"
EndProject
Global
	GlobalSection(SolutionConfigurationPlatforms) = preSolution
		Debug|Any CPU = Debug|Any CPU
		Release|Any CPU = Release|Any CPU
	EndGlobalSection
	GlobalSection(ProjectConfigurationPlatforms) = postSolution
		{611B4797-9561-04DD-1C4E-8C3C75D3CE5A}.Debug|Any CPU.ActiveCfg = Debug|Any CPU
		{611B4797-9561-04DD-1C4E-8C3C75D3CE5A}.Debug|Any CPU.Build.0 = Debug|Any CPU
		{611B4797-9561-04DD-1C4E-8C3C75D3CE5A}.Release|Any CPU.ActiveCfg = Release|Any CPU
		{611B4797-9561-04DD-1C4E-8C3C75D3CE5A}.Release|Any CPU.Build.0 = Release|Any CPU
	EndGlobalSection
	GlobalSection(SolutionProperties) = preSolution
		HideSolutionNode = FALSE
	EndGlobalSection
	GlobalSection(ExtensibilityGlobals) = postSolution
		SolutionGuid = {B2F6389A-4CBC-4138-975D-52A7E1C1E7EF}
	EndGlobalSection
EndGlobal
