
Microsoft Visual Studio Solution File, Format Version 12.00
# Visual Studio Version 17
VisualStudioVersion = 17.13.35806.99 d17.13
MinimumVisualStudioVersion = 10.0.40219.1
Project("{FAE04EC0-301F-11D3-BF4B-00C04F79EFBC}") = "WindowsFormsApp2", "WindowsFormsApp2.csproj", "{6BF6629F-53D4-4C05-8EBC-607DE9349A63}"
EndProject
Global
	GlobalSection(SolutionConfigurationPlatforms) = preSolution
		Debug|Any CPU = Debug|Any CPU
		Release|Any CPU = Release|Any CPU
	EndGlobalSection
	GlobalSection(ProjectConfigurationPlatforms) = postSolution
		{6BF6629F-53D4-4C05-8EBC-607DE9349A63}.Debug|Any CPU.ActiveCfg = Debug|Any CPU
		{6BF6629F-53D4-4C05-8EBC-607DE9349A63}.Debug|Any CPU.Build.0 = Debug|Any CPU
		{6BF6629F-53D4-4C05-8EBC-607DE9349A63}.Release|Any CPU.ActiveCfg = Release|Any CPU
		{6BF6629F-53D4-4C05-8EBC-607DE9349A63}.Release|Any CPU.Build.0 = Release|Any CPU
	EndGlobalSection
	GlobalSection(SolutionProperties) = preSolution
		HideSolutionNode = FALSE
	EndGlobalSection
	GlobalSection(ExtensibilityGlobals) = postSolution
		SolutionGuid = {4EDA2B62-3801-4249-9482-BF1BAE7345AF}
	EndGlobalSection
EndGlobal
